
Microsoft Visual Studio Solution File, Format Version 12.00
# Visual Studio 15
VisualStudioVersion = 15.0.28010.2019
MinimumVisualStudioVersion = 10.0.40219.1
Project("{FAE04EC0-301F-11D3-BF4B-00C04F79EFBC}") = "SmartMenuApp", "SmartMenuApp\SmartMenuApp.csproj", "{5DD48AC0-F393-457D-9B45-3F584970FB47}"
EndProject
Global
	GlobalSection(SolutionConfigurationPlatforms) = preSolution
		Debug|Any CPU = Debug|Any CPU
		Release|Any CPU = Release|Any CPU
	EndGlobalSection
	GlobalSection(ProjectConfigurationPlatforms) = postSolution
		{5DD48AC0-F393-457D-9B45-3F584970FB47}.Debug|Any CPU.ActiveCfg = Debug|Any CPU
		{5DD48AC0-F393-457D-9B45-3F584970FB47}.Debug|Any CPU.Build.0 = Debug|Any CPU
		{5DD48AC0-F393-457D-9B45-3F584970FB47}.Release|Any CPU.ActiveCfg = Release|Any CPU
		{5DD48AC0-F393-457D-9B45-3F584970FB47}.Release|Any CPU.Build.0 = Release|Any CPU
	EndGlobalSection
	GlobalSection(SolutionProperties) = preSolution
		HideSolutionNode = FALSE
	EndGlobalSection
	GlobalSection(ExtensibilityGlobals) = postSolution
		SolutionGuid = {2F5C879B-835C-4EB7-92A1-0371EB344502}
	EndGlobalSection
EndGlobal
